# This file is automatically @generated by Cargo.
# It is not intended for manual editing.
version = 3

[[package]]
name = "clean-path"
version = "0.2.1"
source = "registry+https://github.com/rust-lang/crates.io-index"
checksum = "aaa6b4b263a5d737e9bf6b7c09b72c41a5480aec4d7219af827f6564e950b6a5"

[[package]]
name = "wpress-oxide"
version = "1.0.0"
dependencies = [
 "clean-path",
]
